
Microsoft Visual Studio Solution File, Format Version 12.00
# Visual Studio Express 2013 for Windows Desktop
VisualStudioVersion = 12.0.30501.0
MinimumVisualStudioVersion = 10.0.40219.1
Project("{FAE04EC0-301F-11D3-BF4B-00C04F79EFBC}") = "FezStoreCS", "FezStoreCS\FezStoreCS.csproj", "{258FA4B7-FB02-45AD-B944-9418FE0239B7}"
EndProject
Project("{FAE04EC0-301F-11D3-BF4B-00C04F79EFBC}") = "FezStoreCSTest", "FezStoreCSTest\FezStoreCSTest.csproj", "{EE6E3C75-3A52-4F84-A991-B00197C6DA4B}"
EndProject
Project("{FAE04EC0-301F-11D3-BF4B-00C04F79EFBC}") = "FezStoreWpf", "FezStoreWpf\FezStoreWpf.csproj", "{74F6F656-A519-4E5D-8D7E-07F478A052EE}"
EndProject
Project("{2150E333-8FDC-42A3-9474-1A3956D46DE8}") = "Solution Items", "Solution Items", "{66948547-03FB-434C-A9F5-FD40952432F7}"
	ProjectSection(SolutionItems) = preProject
		README.md = README.md
	EndProjectSection
EndProject
Global
	GlobalSection(SolutionConfigurationPlatforms) = preSolution
		Debug|Any CPU = Debug|Any CPU
		Release|Any CPU = Release|Any CPU
	EndGlobalSection
	GlobalSection(ProjectConfigurationPlatforms) = postSolution
		{258FA4B7-FB02-45AD-B944-9418FE0239B7}.Debug|Any CPU.ActiveCfg = Debug|Any CPU
		{258FA4B7-FB02-45AD-B944-9418FE0239B7}.Debug|Any CPU.Build.0 = Debug|Any CPU
		{258FA4B7-FB02-45AD-B944-9418FE0239B7}.Release|Any CPU.ActiveCfg = Release|Any CPU
		{258FA4B7-FB02-45AD-B944-9418FE0239B7}.Release|Any CPU.Build.0 = Release|Any CPU
		{EE6E3C75-3A52-4F84-A991-B00197C6DA4B}.Debug|Any CPU.ActiveCfg = Debug|Any CPU
		{EE6E3C75-3A52-4F84-A991-B00197C6DA4B}.Debug|Any CPU.Build.0 = Debug|Any CPU
		{EE6E3C75-3A52-4F84-A991-B00197C6DA4B}.Release|Any CPU.ActiveCfg = Release|Any CPU
		{EE6E3C75-3A52-4F84-A991-B00197C6DA4B}.Release|Any CPU.Build.0 = Release|Any CPU
		{74F6F656-A519-4E5D-8D7E-07F478A052EE}.Debug|Any CPU.ActiveCfg = Debug|Any CPU
		{74F6F656-A519-4E5D-8D7E-07F478A052EE}.Debug|Any CPU.Build.0 = Debug|Any CPU
		{74F6F656-A519-4E5D-8D7E-07F478A052EE}.Release|Any CPU.ActiveCfg = Release|Any CPU
		{74F6F656-A519-4E5D-8D7E-07F478A052EE}.Release|Any CPU.Build.0 = Release|Any CPU
	EndGlobalSection
	GlobalSection(SolutionProperties) = preSolution
		HideSolutionNode = FALSE
	EndGlobalSection
EndGlobal
